github.com/PuerkitoBio/goquery v1.5.0 h1:uGvmFXOA73IKluu/F84Xd1tt/z07GYm8X49XKHP7EJk=
github.com/PuerkitoBio/goquery v1.5.0/go.mod h1:qD2PgZ9lccMbQlc7eEOjaeRlFQON7xY8kdmcsrnKqMg=
github.com/andybalholm/cascadia v1.0.0 h1:hOCXnnZ5A+3eVDX8pvgl4kofXv2ELss0bKcqRySc45o=
github.com/andybalholm/cascadia v1.0.0/go.mod h1:GsXiBklL0woXo1j/WYWtSYYC4ouU9PqHO0sqidkEA4Y=
github.com/davecgh/go-spew v1.1.0 h1:ZDRjVQ15GmhC3fiQ8ni8+OwkZQO4DARzQgrnXU1Liz8=
github.com/davecgh/go-spew v1.1.0/go.mod h1:J7Y8YcW2NihsgmVo/mv3lAwl/skON4iLHjSsI+c5H38=
github.com/hashicorp/errwrap v1.0.0 h1:hLrqtEDnRye3+sgx6z4qVLNuviH3MR5aQ0ykNJa/UYA=
github.com/hashicorp/errwrap v1.0.0/go.mod h1:YH+1FKiLXxHSkmPseP+kNlulaMuP3n2brvKWEqk/Jc4=
github.com/hashicorp/go-multierror v1.0.0 h1:iVjPR7a6H0tWELX5NxNe7bYopibicUzc7uPribsnS6o=
github.com/hashicorp/go-multierror v1.0.0/go.mod h1:dHtQlpGsu+cZNNAkkCN/P3hoUDHhCYQXV3UM06sGGrk=
github.com/jayjzheng/http-go v0.0.0-20190322224449-f270b68ae15d h1:YekIjiNDyctwKtKV4NGvrTurP/RqibrymtbFdYyxVHY=
github.com/jayjzheng/http-go v0.0.0-20190322224449-f270b68ae15d/go.mod h1:WDxEXEXVSQmf5xFBtOr5Cso82bsdnvI/GLs+BFuD+uY=
github.com/jayjzheng/http-go v0.0.0-20190331183410-7f4f43e5bccb h1:HB+1kGrln2I/xxKE4eGKVL1ka2UgKVphPryLXqR98BU=
github.com/jayjzheng/http-go v0.0.0-20190331183410-7f4f43e5bccb/go.mod h1:WDxEXEXVSQmf5xFBtOr5Cso82bsdnvI/GLs+BFuD+uY=
github.com/jayjzheng/http-go v0.0.0-20190404022730-bdb108ca40ea h1:3SCfq3hdwwVJ5G+TkIEIXFoW6d1MpPYa6TgH00ODEEY=
github.com/jayjzheng/http-go v0.0.0-20190404022730-bdb108ca40ea/go.mod h1:WDxEXEXVSQmf5xFBtOr5Cso82bsdnvI/GLs+BFuD+uY=
github.com/jayjzheng/http-go v0.0.0-20190405053025-d9f58a437d35 h1:l7R42rkmNwAb/YTgRM0lIhKXaaACxxHcoHGXnBTb38I=
github.com/jayjzheng/http-go v0.0.0-20190405053025-d9f58a437d35/go.mod h1:WDxEXEXVSQmf5xFBtOr5Cso82bsdnvI/GLs+BFuD+uY=
github.com/jayjzheng/http-go v0.0.0-20190406164936-49c8abada984 h1:CYbIrocei/gqI6CggBkMZlROWDtec6TrLSAqBVrAFyI=
github.com/jayjzheng/http-go v0.0.0-20190406164936-49c8abada984/go.mod h1:WDxEXEXVSQmf5xFBtOr5Cso82bsdnvI/GLs+BFuD+uY=
github.com/pkg/errors v0.8.1 h1:iURUrRGxPUNPdy5/HRSm+Yj6okJ6UtLINN0Q9M4+h3I=
github.com/pkg/errors v0.8.1/go.mod h1:bwawxfHBFNV+L2hUp1rHADufV3IMtnDRdf1r5NINEl0=
github.com/pmezard/go-difflib v1.0.0 h1:4DBwDE0NGyQoBHbLQYPwSUPoCMWR5BEzIk/f1lZbAQM=
github.com/pmezard/go-difflib v1.0.0/go.mod h1:iKH77koFhYxTK1pcRnkKkqfTogsbg7gZNVY4sRDYZ/4=
github.com/stretchr/objx v0.1.0/go.mod h1:HFkY916IF+rwdDfMAkV7OtwuqBVzrE8GR6GFx+wExME=
github.com/stretchr/testify v1.3.0 h1:TivCn/peBQ7UY8ooIcPgZFpTNSz0Q2U6UrFlUfqbe0Q=
github.com/stretchr/testify v1.3.0/go.mod h1:M5WIy9Dh21IEIfnGCwXGc5bZfKNJtfHm1UVUgZn+9EI=
golang.org/x/net v0.0.0-20180218175443-cbe0f9307d01/go.mod h1:mL1N/T3taQHkDXs73rZJwtUhF3w3ftmwwsq0BUmARs4=
golang.org/x/net v0.0.0-20181114220301-adae6a3d119a h1:gOpx8G595UYyvj8UK4+OFyY4rx037g3fmfhe5SasG3U=
golang.org/x/net v0.0.0-20181114220301-adae6a3d119a/go.mod h1:mL1N/T3taQHkDXs73rZJwtUhF3w3ftmwwsq0BUmARs4=
